
Microsoft Visual Studio Solution File, Format Version 12.00
# Visual Studio Version 16
VisualStudioVersion = 16.0.31129.286
MinimumVisualStudioVersion = 10.0.40219.1
Project("{FAE04EC0-301F-11D3-BF4B-00C04F79EFBC}") = "ProyectoFinal", "ProyectoFinal\ProyectoFinal.csproj", "{72A55A19-5AC1-4794-A0FB-CD34079A9F43}"
EndProject
Global
	GlobalSection(SolutionConfigurationPlatforms) = preSolution
		Debug|Any CPU = Debug|Any CPU
		Release|Any CPU = Release|Any CPU
	EndGlobalSection
	GlobalSection(ProjectConfigurationPlatforms) = postSolution
		{72A55A19-5AC1-4794-A0FB-CD34079A9F43}.Debug|Any CPU.ActiveCfg = Debug|Any CPU
		{72A55A19-5AC1-4794-A0FB-CD34079A9F43}.Debug|Any CPU.Build.0 = Debug|Any CPU
		{72A55A19-5AC1-4794-A0FB-CD34079A9F43}.Release|Any CPU.ActiveCfg = Release|Any CPU
		{72A55A19-5AC1-4794-A0FB-CD34079A9F43}.Release|Any CPU.Build.0 = Release|Any CPU
	EndGlobalSection
	GlobalSection(SolutionProperties) = preSolution
		HideSolutionNode = FALSE
	EndGlobalSection
	GlobalSection(ExtensibilityGlobals) = postSolution
		SolutionGuid = {04EA0534-475C-4AF2-8AF6-6BED69AED81F}
	EndGlobalSection
EndGlobal
